
Microsoft Visual Studio Solution File, Format Version 12.00
# Visual Studio Version 16
VisualStudioVersion = 16.0.31005.135
MinimumVisualStudioVersion = 10.0.40219.1
Project("{FAE04EC0-301F-11D3-BF4B-00C04F79EFBC}") = "pluralsight_bot", "pluralsight_bot\pluralsight_bot.csproj", "{FE71A4D6-DD93-4D76-A85B-48D9354C9F64}"
EndProject
Global
	GlobalSection(SolutionConfigurationPlatforms) = preSolution
		Debug|Any CPU = Debug|Any CPU
		Release|Any CPU = Release|Any CPU
	EndGlobalSection
	GlobalSection(ProjectConfigurationPlatforms) = postSolution
		{FE71A4D6-DD93-4D76-A85B-48D9354C9F64}.Debug|Any CPU.ActiveCfg = Debug|Any CPU
		{FE71A4D6-DD93-4D76-A85B-48D9354C9F64}.Debug|Any CPU.Build.0 = Debug|Any CPU
		{FE71A4D6-DD93-4D76-A85B-48D9354C9F64}.Release|Any CPU.ActiveCfg = Release|Any CPU
		{FE71A4D6-DD93-4D76-A85B-48D9354C9F64}.Release|Any CPU.Build.0 = Release|Any CPU
	EndGlobalSection
	GlobalSection(SolutionProperties) = preSolution
		HideSolutionNode = FALSE
	EndGlobalSection
	GlobalSection(ExtensibilityGlobals) = postSolution
		SolutionGuid = {DEC8E03B-0698-42EF-8C7C-DAB70EBFAB48}
	EndGlobalSection
EndGlobal
